
Microsoft Visual Studio Solution File, Format Version 12.00
# Visual Studio Version 16
VisualStudioVersion = 16.0.29409.12
MinimumVisualStudioVersion = 10.0.40219.1
Project("{9A19103F-16F7-4668-BE54-9A1E7A4F7556}") = "NutidsKviss", "NutidsKviss\NutidsKviss.csproj", "{324E3EF4-A63B-4B0B-A106-97586021E98C}"
EndProject
Project("{FAE04EC0-301F-11D3-BF4B-00C04F79EFBC}") = "DNWebScraper", "DNWebScraper\DNWebScraper.csproj", "{7E932C29-7AE7-4EFA-8D46-7601FE1BBADA}"
EndProject
Project("{FAE04EC0-301F-11D3-BF4B-00C04F79EFBC}") = "ConsoleApp1", "ConsoleApp1\ConsoleApp1.csproj", "{677D3455-726B-495F-938D-097206BF84EC}"
EndProject
Global
	GlobalSection(SolutionConfigurationPlatforms) = preSolution
		Debug|Any CPU = Debug|Any CPU
		Release|Any CPU = Release|Any CPU
	EndGlobalSection
	GlobalSection(ProjectConfigurationPlatforms) = postSolution
		{324E3EF4-A63B-4B0B-A106-97586021E98C}.Debug|Any CPU.ActiveCfg = Debug|Any CPU
		{324E3EF4-A63B-4B0B-A106-97586021E98C}.Debug|Any CPU.Build.0 = Debug|Any CPU
		{324E3EF4-A63B-4B0B-A106-97586021E98C}.Release|Any CPU.ActiveCfg = Release|Any CPU
		{324E3EF4-A63B-4B0B-A106-97586021E98C}.Release|Any CPU.Build.0 = Release|Any CPU
		{7E932C29-7AE7-4EFA-8D46-7601FE1BBADA}.Debug|Any CPU.ActiveCfg = Debug|Any CPU
		{7E932C29-7AE7-4EFA-8D46-7601FE1BBADA}.Debug|Any CPU.Build.0 = Debug|Any CPU
		{7E932C29-7AE7-4EFA-8D46-7601FE1BBADA}.Release|Any CPU.ActiveCfg = Release|Any CPU
		{7E932C29-7AE7-4EFA-8D46-7601FE1BBADA}.Release|Any CPU.Build.0 = Release|Any CPU
		{677D3455-726B-495F-938D-097206BF84EC}.Debug|Any CPU.ActiveCfg = Debug|Any CPU
		{677D3455-726B-495F-938D-097206BF84EC}.Debug|Any CPU.Build.0 = Debug|Any CPU
		{677D3455-726B-495F-938D-097206BF84EC}.Release|Any CPU.ActiveCfg = Release|Any CPU
		{677D3455-726B-495F-938D-097206BF84EC}.Release|Any CPU.Build.0 = Release|Any CPU
	EndGlobalSection
	GlobalSection(SolutionProperties) = preSolution
		HideSolutionNode = FALSE
	EndGlobalSection
	GlobalSection(ExtensibilityGlobals) = postSolution
		SolutionGuid = {56A847E5-1F62-41BB-8374-624B2C888AFD}
	EndGlobalSection
EndGlobal
